// !$*UTF8*$!
{
	archiveVersion = 1;
	classes = {
	};
	objectVersion = 46;
	objects = {

/* Begin PBXBuildFile section */
		7B0EFC8D214BD8DC00654A57 /* CloudKitMethods.swift in Sources */ = {isa = PBXBuildFile; fileRef = 7B0EFC8C214BD8DC00654A57 /* CloudKitMethods.swift */; };
		7BD385C3214D4237008FD003 /* FlipPresentAnimationController.swift in Sources */ = {isa = PBXBuildFile; fileRef = 7BD385C2214D4237008FD003 /* FlipPresentAnimationController.swift */; };
		7BD385DA214D8E37008FD003 /* NotificationService.swift in Sources */ = {isa = PBXBuildFile; fileRef = 7BD385D9214D8E37008FD003 /* NotificationService.swift */; };
		7BD385DE214D8E37008FD003 /* PushHuliPizzaSericeExtension.appex in Embed App Extensions */ = {isa = PBXBuildFile; fileRef = 7BD385D7214D8E37008FD003 /* PushHuliPizzaSericeExtension.appex */; settings = {ATTRIBUTES = (RemoveHeadersOnCopy, ); }; };
		7BD385E8214D8F72008FD003 /* UserNotifications.framework in Frameworks */ = {isa = PBXBuildFile; fileRef = 7BD385C7214D8493008FD003 /* UserNotifications.framework */; };
		7BD385E9214D8F72008FD003 /* UserNotificationsUI.framework in Frameworks */ = {isa = PBXBuildFile; fileRef = 7BD385C6214D8493008FD003 /* UserNotificationsUI.framework */; };
		7BD385EC214D8F72008FD003 /* NotificationViewController.swift in Sources */ = {isa = PBXBuildFile; fileRef = 7BD385EB214D8F72008FD003 /* NotificationViewController.swift */; };
		7BD385F3214D8F73008FD003 /* PushHuliPizzaContentExtensionV2.appex in Embed App Extensions */ = {isa = PBXBuildFile; fileRef = 7BD385E7214D8F72008FD003 /* PushHuliPizzaContentExtensionV2.appex */; settings = {ATTRIBUTES = (RemoveHeadersOnCopy, ); }; };
		7BD385F8214D8FAA008FD003 /* MainInterface.storyboard in Resources */ = {isa = PBXBuildFile; fileRef = 7BD385F7214D8FAA008FD003 /* MainInterface.storyboard */; };
		E147B98A1E29846300E66CF5 /* HuliPizzaPayload.apns in Resources */ = {isa = PBXBuildFile; fileRef = E147B9891E29846300E66CF5 /* HuliPizzaPayload.apns */; };
		E1C45FDA1E29408100F271B4 /* AppDelegate.swift in Sources */ = {isa = PBXBuildFile; fileRef = E1C45FD91E29408100F271B4 /* AppDelegate.swift */; };
		E1C45FDC1E29408100F271B4 /* ViewController.swift in Sources */ = {isa = PBXBuildFile; fileRef = E1C45FDB1E29408100F271B4 /* ViewController.swift */; };
		E1C45FDF1E29408100F271B4 /* Main.storyboard in Resources */ = {isa = PBXBuildFile; fileRef = E1C45FDD1E29408100F271B4 /* Main.storyboard */; };
		E1C45FE11E29408100F271B4 /* Assets.xcassets in Resources */ = {isa = PBXBuildFile; fileRef = E1C45FE01E29408100F271B4 /* Assets.xcassets */; };
		E1C45FE41E29408100F271B4 /* LaunchScreen.storyboard in Resources */ = {isa = PBXBuildFile; fileRef = E1C45FE21E29408100F271B4 /* LaunchScreen.storyboard */; };
/* End PBXBuildFile section */

/* Begin PBXContainerItemProxy section */
		7BD385DC214D8E37008FD003 /* PBXContainerItemProxy */ = {
			isa = PBXContainerItemProxy;
			containerPortal = E1C45FCE1E29408100F271B4 /* Project object */;
			proxyType = 1;
			remoteGlobalIDString = 7BD385D6214D8E37008FD003;
			remoteInfo = PushHuliPizzaSericeExtension;
		};
		7BD385F1214D8F73008FD003 /* PBXContainerItemProxy */ = {
			isa = PBXContainerItemProxy;
			containerPortal = E1C45FCE1E29408100F271B4 /* Project object */;
			proxyType = 1;
			remoteGlobalIDString = 7BD385E6214D8F72008FD003;
			remoteInfo = PushHuliPizzaContentExtensionV2;
		};
/* End PBXContainerItemProxy section */

/* Begin PBXCopyFilesBuildPhase section */
		7BD385E2214D8E37008FD003 /* Embed App Extensions */ = {
			isa = PBXCopyFilesBuildPhase;
			buildActionMask = 2147483647;
			dstPath = "";
			dstSubfolderSpec = 13;
			files = (
				7BD385DE214D8E37008FD003 /* PushHuliPizzaSericeExtension.appex in Embed App Extensions */,
				7BD385F3214D8F73008FD003 /* PushHuliPizzaContentExtensionV2.appex in Embed App Extensions */,
			);
			name = "Embed App Extensions";
			runOnlyForDeploymentPostprocessing = 0;
		};
/* End PBXCopyFilesBuildPhase section */

/* Begin PBXFileReference section */
		7B0EFC8C214BD8DC00654A57 /* CloudKitMethods.swift */ = {isa = PBXFileReference; lastKnownFileType = sourcecode.swift; path = CloudKitMethods.swift; sourceTree = "<group>"; };
		7BD385C2214D4237008FD003 /* FlipPresentAnimationController.swift */ = {isa = PBXFileReference; lastKnownFileType = sourcecode.swift; path = FlipPresentAnimationController.swift; sourceTree = "<group>"; };
		7BD385C6214D8493008FD003 /* UserNotificationsUI.framework */ = {isa = PBXFileReference; lastKnownFileType = wrapper.framework; name = UserNotificationsUI.framework; path = System/Library/Frameworks/UserNotificationsUI.framework; sourceTree = SDKROOT; };
		7BD385C7214D8493008FD003 /* UserNotifications.framework */ = {isa = PBXFileReference; lastKnownFileType = wrapper.framework; name = UserNotifications.framework; path = System/Library/Frameworks/UserNotifications.framework; sourceTree = SDKROOT; };
		7BD385D7214D8E37008FD003 /* PushHuliPizzaSericeExtension.appex */ = {isa = PBXFileReference; explicitFileType = "wrapper.app-extension"; includeInIndex = 0; path = PushHuliPizzaSericeExtension.appex; sourceTree = BUILT_PRODUCTS_DIR; };
		7BD385D9214D8E37008FD003 /* NotificationService.swift */ = {isa = PBXFileReference; lastKnownFileType = sourcecode.swift; path = NotificationService.swift; sourceTree = "<group>"; };
		7BD385DB214D8E37008FD003 /* Info.plist */ = {isa = PBXFileReference; lastKnownFileType = text.plist.xml; path = Info.plist; sourceTree = "<group>"; };
		7BD385E7214D8F72008FD003 /* PushHuliPizzaContentExtensionV2.appex */ = {isa = PBXFileReference; explicitFileType = "wrapper.app-extension"; includeInIndex = 0; path = PushHuliPizzaContentExtensionV2.appex; sourceTree = BUILT_PRODUCTS_DIR; };
		7BD385EB214D8F72008FD003 /* NotificationViewController.swift */ = {isa = PBXFileReference; lastKnownFileType = sourcecode.swift; path = NotificationViewController.swift; sourceTree = "<group>"; };
		7BD385F0214D8F73008FD003 /* Info.plist */ = {isa = PBXFileReference; lastKnownFileType = text.plist.xml; path = Info.plist; sourceTree = "<group>"; };
		7BD385F7214D8FAA008FD003 /* MainInterface.storyboard */ = {isa = PBXFileReference; fileEncoding = 4; lastKnownFileType = file.storyboard; path = MainInterface.storyboard; sourceTree = "<group>"; };
		E147B9891E29846300E66CF5 /* HuliPizzaPayload.apns */ = {isa = PBXFileReference; fileEncoding = 4; lastKnownFileType = text; path = HuliPizzaPayload.apns; sourceTree = "<group>"; };
		E15E4D4E1E29C9C80048B45E /* PushHuliPizzaContentExtension.appex */ = {isa = PBXFileReference; explicitFileType = "wrapper.app-extension"; includeInIndex = 0; path = PushHuliPizzaContentExtension.appex; sourceTree = BUILT_PRODUCTS_DIR; };
		E1C45FD61E29408100F271B4 /* PushHuliPizza.app */ = {isa = PBXFileReference; explicitFileType = wrapper.application; includeInIndex = 0; path = PushHuliPizza.app; sourceTree = BUILT_PRODUCTS_DIR; };
		E1C45FD91E29408100F271B4 /* AppDelegate.swift */ = {isa = PBXFileReference; lastKnownFileType = sourcecode.swift; path = AppDelegate.swift; sourceTree = "<group>"; };
		E1C45FDB1E29408100F271B4 /* ViewController.swift */ = {isa = PBXFileReference; lastKnownFileType = sourcecode.swift; path = ViewController.swift; sourceTree = "<group>"; };
		E1C45FDE1E29408100F271B4 /* Base */ = {isa = PBXFileReference; lastKnownFileType = file.storyboard; name = Base; path = Base.lproj/Main.storyboard; sourceTree = "<group>"; };
		E1C45FE01E29408100F271B4 /* Assets.xcassets */ = {isa = PBXFileReference; lastKnownFileType = folder.assetcatalog; path = Assets.xcassets; sourceTree = "<group>"; };
		E1C45FE31E29408100F271B4 /* Base */ = {isa = PBXFileReference; lastKnownFileType = file.storyboard; name = Base; path = Base.lproj/LaunchScreen.storyboard; sourceTree = "<group>"; };
		E1C45FE51E29408100F271B4 /* Info.plist */ = {isa = PBXFileReference; lastKnownFileType = text.plist.xml; path = Info.plist; sourceTree = "<group>"; };
		E1C45FEB1E2940C900F271B4 /* PushHuliPizza.entitlements */ = {isa = PBXFileReference; lastKnownFileType = text.plist.entitlements; path = PushHuliPizza.entitlements; sourceTree = "<group>"; };
		E1CBE6C01E29985D0013BAFB /* PushHuliPizzaServiceExtension.appex */ = {isa = PBXFileReference; explicitFileType = "wrapper.app-extension"; includeInIndex = 0; path = PushHuliPizzaServiceExtension.appex; sourceTree = BUILT_PRODUCTS_DIR; };
/* End PBXFileReference section */

/* Begin PBXFrameworksBuildPhase section */
		7BD385D4214D8E37008FD003 /* Frameworks */ = {
			isa = PBXFrameworksBuildPhase;
			buildActionMask = 2147483647;
			files = (
			);
			runOnlyForDeploymentPostprocessing = 0;
		};
		7BD385E4214D8F72008FD003 /* Frameworks */ = {
			isa = PBXFrameworksBuildPhase;
			buildActionMask = 2147483647;
			files = (
				7BD385E9214D8F72008FD003 /* UserNotificationsUI.framework in Frameworks */,
				7BD385E8214D8F72008FD003 /* UserNotifications.framework in Frameworks */,
			);
			runOnlyForDeploymentPostprocessing = 0;
		};
		E15E4D4B1E29C9C80048B45E /* Frameworks */ = {
			isa = PBXFrameworksBuildPhase;
			buildActionMask = 2147483647;
			files = (
			);
			runOnlyForDeploymentPostprocessing = 0;
		};
		E1C45FD31E29408100F271B4 /* Frameworks */ = {
			isa = PBXFrameworksBuildPhase;
			buildActionMask = 2147483647;
			files = (
			);
			runOnlyForDeploymentPostprocessing = 0;
		};
		E1CBE6BD1E29985D0013BAFB /* Frameworks */ = {
			isa = PBXFrameworksBuildPhase;
			buildActionMask = 2147483647;
			files = (
			);
			runOnlyForDeploymentPostprocessing = 0;
		};
/* End PBXFrameworksBuildPhase section */

/* Begin PBXGroup section */
		7BD385D8214D8E37008FD003 /* PushHuliPizzaSericeExtension */ = {
			isa = PBXGroup;
			children = (
				7BD385D9214D8E37008FD003 /* NotificationService.swift */,
				7BD385DB214D8E37008FD003 /* Info.plist */,
			);
			path = PushHuliPizzaSericeExtension;
			sourceTree = "<group>";
		};
		7BD385EA214D8F72008FD003 /* PushHuliPizzaContentExtensionV2 */ = {
			isa = PBXGroup;
			children = (
				7BD385EB214D8F72008FD003 /* NotificationViewController.swift */,
				7BD385F7214D8FAA008FD003 /* MainInterface.storyboard */,
				7BD385F0214D8F73008FD003 /* Info.plist */,
			);
			path = PushHuliPizzaContentExtensionV2;
			sourceTree = "<group>";
		};
		E15E4D4F1E29C9C80048B45E /* Frameworks */ = {
			isa = PBXGroup;
			children = (
				7BD385C7214D8493008FD003 /* UserNotifications.framework */,
				7BD385C6214D8493008FD003 /* UserNotificationsUI.framework */,
			);
			name = Frameworks;
			sourceTree = "<group>";
		};
		E1C45FCD1E29408100F271B4 = {
			isa = PBXGroup;
			children = (
				E1C45FD81E29408100F271B4 /* PushHuliPizza */,
				7BD385D8214D8E37008FD003 /* PushHuliPizzaSericeExtension */,
				7BD385EA214D8F72008FD003 /* PushHuliPizzaContentExtensionV2 */,
				E15E4D4F1E29C9C80048B45E /* Frameworks */,
				E1C45FD71E29408100F271B4 /* Products */,
			);
			sourceTree = "<group>";
		};
		E1C45FD71E29408100F271B4 /* Products */ = {
			isa = PBXGroup;
			children = (
				E1C45FD61E29408100F271B4 /* PushHuliPizza.app */,
				E1CBE6C01E29985D0013BAFB /* PushHuliPizzaServiceExtension.appex */,
				E15E4D4E1E29C9C80048B45E /* PushHuliPizzaContentExtension.appex */,
				7BD385D7214D8E37008FD003 /* PushHuliPizzaSericeExtension.appex */,
				7BD385E7214D8F72008FD003 /* PushHuliPizzaContentExtensionV2.appex */,
			);
			name = Products;
			sourceTree = "<group>";
		};
		E1C45FD81E29408100F271B4 /* PushHuliPizza */ = {
			isa = PBXGroup;
			children = (
				E1C45FEB1E2940C900F271B4 /* PushHuliPizza.entitlements */,
				E1C45FD91E29408100F271B4 /* AppDelegate.swift */,
				E1C45FDB1E29408100F271B4 /* ViewController.swift */,
				7BD385C2214D4237008FD003 /* FlipPresentAnimationController.swift */,
				7B0EFC8C214BD8DC00654A57 /* CloudKitMethods.swift */,
				E147B9891E29846300E66CF5 /* HuliPizzaPayload.apns */,
				E1C45FDD1E29408100F271B4 /* Main.storyboard */,
				E1C45FE01E29408100F271B4 /* Assets.xcassets */,
				E1C45FE21E29408100F271B4 /* LaunchScreen.storyboard */,
				E1C45FE51E29408100F271B4 /* Info.plist */,
			);
			path = PushHuliPizza;
			sourceTree = "<group>";
		};
/* End PBXGroup section */

/* Begin PBXNativeTarget section */
		7BD385D6214D8E37008FD003 /* PushHuliPizzaSericeExtension */ = {
			isa = PBXNativeTarget;
			buildConfigurationList = 7BD385DF214D8E37008FD003 /* Build configuration list for PBXNativeTarget "PushHuliPizzaSericeExtension" */;
			buildPhases = (
				7BD385D3214D8E37008FD003 /* Sources */,
				7BD385D4214D8E37008FD003 /* Frameworks */,
				7BD385D5214D8E37008FD003 /* Resources */,
			);
			buildRules = (
			);
			dependencies = (
			);
			name = PushHuliPizzaSericeExtension;
			productName = PushHuliPizzaSericeExtension;
			productReference = 7BD385D7214D8E37008FD003 /* PushHuliPizzaSericeExtension.appex */;
			productType = "com.apple.product-type.app-extension";
		};
		7BD385E6214D8F72008FD003 /* PushHuliPizzaContentExtensionV2 */ = {
			isa = PBXNativeTarget;
			buildConfigurationList = 7BD385F4214D8F73008FD003 /* Build configuration list for PBXNativeTarget "PushHuliPizzaContentExtensionV2" */;
			buildPhases = (
				7BD385E3214D8F72008FD003 /* Sources */,
				7BD385E4214D8F72008FD003 /* Frameworks */,
				7BD385E5214D8F72008FD003 /* Resources */,
			);
			buildRules = (
			);
			dependencies = (
			);
			name = PushHuliPizzaContentExtensionV2;
			productName = PushHuliPizzaContentExtensionV2;
			productReference = 7BD385E7214D8F72008FD003 /* PushHuliPizzaContentExtensionV2.appex */;
			productType = "com.apple.product-type.app-extension";
		};
		E15E4D4D1E29C9C80048B45E /* PushHuliPizzaContentExtension */ = {
			isa = PBXNativeTarget;
			buildConfigurationList = E15E4D601E29C9C80048B45E /* Build configuration list for PBXNativeTarget "PushHuliPizzaContentExtension" */;
			buildPhases = (
				E15E4D4A1E29C9C80048B45E /* Sources */,
				E15E4D4B1E29C9C80048B45E /* Frameworks */,
				E15E4D4C1E29C9C80048B45E /* Resources */,
			);
			buildRules = (
			);
			dependencies = (
			);
			name = PushHuliPizzaContentExtension;
			productName = PushHuliPizzaContentExtension;
			productReference = E15E4D4E1E29C9C80048B45E /* PushHuliPizzaContentExtension.appex */;
			productType = "com.apple.product-type.app-extension";
		};
		E1C45FD51E29408100F271B4 /* PushHuliPizza */ = {
			isa = PBXNativeTarget;
			buildConfigurationList = E1C45FE81E29408100F271B4 /* Build configuration list for PBXNativeTarget "PushHuliPizza" */;
			buildPhases = (
				E1C45FD21E29408100F271B4 /* Sources */,
				E1C45FD31E29408100F271B4 /* Frameworks */,
				E1C45FD41E29408100F271B4 /* Resources */,
				7BD385E2214D8E37008FD003 /* Embed App Extensions */,
			);
			buildRules = (
			);
			dependencies = (
				7BD385DD214D8E37008FD003 /* PBXTargetDependency */,
				7BD385F2214D8F73008FD003 /* PBXTargetDependency */,
			);
			name = PushHuliPizza;
			productName = PushHuliPizza;
			productReference = E1C45FD61E29408100F271B4 /* PushHuliPizza.app */;
			productType = "com.apple.product-type.application";
		};
		E1CBE6BF1E29985D0013BAFB /* PushHuliPizzaServiceExtension */ = {
			isa = PBXNativeTarget;
			buildConfigurationList = E1CBE6CA1E29985D0013BAFB /* Build configuration list for PBXNativeTarget "PushHuliPizzaServiceExtension" */;
			buildPhases = (
				E1CBE6BC1E29985D0013BAFB /* Sources */,
				E1CBE6BD1E29985D0013BAFB /* Frameworks */,
				E1CBE6BE1E29985D0013BAFB /* Resources */,
			);
			buildRules = (
			);
			dependencies = (
			);
			name = PushHuliPizzaServiceExtension;
			productName = PushHuliPizzaServiceExtension;
			productReference = E1CBE6C01E29985D0013BAFB /* PushHuliPizzaServiceExtension.appex */;
			productType = "com.apple.product-type.app-extension";
		};
/* End PBXNativeTarget section */

/* Begin PBXProject section */
		E1C45FCE1E29408100F271B4 /* Project object */ = {
			isa = PBXProject;
			attributes = {
				LastSwiftUpdateCheck = 0940;
				LastUpgradeCheck = 0940;
				ORGANIZATIONNAME = "Steven Lipton";
				TargetAttributes = {
					7BD385D6214D8E37008FD003 = {
						CreatedOnToolsVersion = 9.4.1;
						DevelopmentTeam = CWGS87U262;
						ProvisioningStyle = Automatic;
					};
					7BD385E6214D8F72008FD003 = {
						CreatedOnToolsVersion = 9.4.1;
						DevelopmentTeam = CWGS87U262;
						ProvisioningStyle = Automatic;
					};
					E15E4D4D1E29C9C80048B45E = {
						CreatedOnToolsVersion = 8.2.1;
						DevelopmentTeam = CWGS87U262;
						ProvisioningStyle = Automatic;
						SystemCapabilities = {
							com.apple.Push = {
								enabled = 1;
							};
							com.apple.iCloud = {
								enabled = 1;
							};
						};
					};
					E1C45FD51E29408100F271B4 = {
						CreatedOnToolsVersion = 8.2.1;
						DevelopmentTeam = CWGS87U262;
						ProvisioningStyle = Automatic;
						SystemCapabilities = {
							com.apple.BackgroundModes = {
								enabled = 1;
							};
							com.apple.Push = {
								enabled = 1;
							};
						};
					};
					E1CBE6BF1E29985D0013BAFB = {
						CreatedOnToolsVersion = 8.2.1;
						DevelopmentTeam = CWGS87U262;
						ProvisioningStyle = Automatic;
					};
				};
			};
			buildConfigurationList = E1C45FD11E29408100F271B4 /* Build configuration list for PBXProject "PushHuliPizza" */;
			compatibilityVersion = "Xcode 3.2";
			developmentRegion = English;
			hasScannedForEncodings = 0;
			knownRegions = (
				en,
				Base,
			);
			mainGroup = E1C45FCD1E29408100F271B4;
			productRefGroup = E1C45FD71E29408100F271B4 /* Products */;
			projectDirPath = "";
			projectRoot = "";
			targets = (
				E1C45FD51E29408100F271B4 /* PushHuliPizza */,
				E1CBE6BF1E29985D0013BAFB /* PushHuliPizzaServiceExtension */,
				E15E4D4D1E29C9C80048B45E /* PushHuliPizzaContentExtension */,
				7BD385D6214D8E37008FD003 /* PushHuliPizzaSericeExtension */,
				7BD385E6214D8F72008FD003 /* PushHuliPizzaContentExtensionV2 */,
			);
		};
/* End PBXProject section */

/* Begin PBXResourcesBuildPhase section */
		7BD385D5214D8E37008FD003 /* Resources */ = {
			isa = PBXResourcesBuildPhase;
			buildActionMask = 2147483647;
			files = (
			);
			runOnlyForDeploymentPostprocessing = 0;
		};
		7BD385E5214D8F72008FD003 /* Resources */ = {
			isa = PBXResourcesBuildPhase;
			buildActionMask = 2147483647;
			files = (
				7BD385F8214D8FAA008FD003 /* MainInterface.storyboard in Resources */,
			);
			runOnlyForDeploymentPostprocessing = 0;
		};
		E15E4D4C1E29C9C80048B45E /* Resources */ = {
			isa = PBXResourcesBuildPhase;
			buildActionMask = 2147483647;
			files = (
			);
			runOnlyForDeploymentPostprocessing = 0;
		};
		E1C45FD41E29408100F271B4 /* Resources */ = {
			isa = PBXResourcesBuildPhase;
			buildActionMask = 2147483647;
			files = (
				E1C45FE41E29408100F271B4 /* LaunchScreen.storyboard in Resources */,
				E1C45FE11E29408100F271B4 /* Assets.xcassets in Resources */,
				E1C45FDF1E29408100F271B4 /* Main.storyboard in Resources */,
				E147B98A1E29846300E66CF5 /* HuliPizzaPayload.apns in Resources */,
			);
			runOnlyForDeploymentPostprocessing = 0;
		};
		E1CBE6BE1E29985D0013BAFB /* Resources */ = {
			isa = PBXResourcesBuildPhase;
			buildActionMask = 2147483647;
			files = (
			);
			runOnlyForDeploymentPostprocessing = 0;
		};
/* End PBXResourcesBuildPhase section */

/* Begin PBXSourcesBuildPhase section */
		7BD385D3214D8E37008FD003 /* Sources */ = {
			isa = PBXSourcesBuildPhase;
			buildActionMask = 2147483647;
			files = (
				7BD385DA214D8E37008FD003 /* NotificationService.swift in Sources */,
			);
			runOnlyForDeploymentPostprocessing = 0;
		};
		7BD385E3214D8F72008FD003 /* Sources */ = {
			isa = PBXSourcesBuildPhase;
			buildActionMask = 2147483647;
			files = (
				7BD385EC214D8F72008FD003 /* NotificationViewController.swift in Sources */,
			);
			runOnlyForDeploymentPostprocessing = 0;
		};
		E15E4D4A1E29C9C80048B45E /* Sources */ = {
			isa = PBXSourcesBuildPhase;
			buildActionMask = 2147483647;
			files = (
			);
			runOnlyForDeploymentPostprocessing = 0;
		};
		E1C45FD21E29408100F271B4 /* Sources */ = {
			isa = PBXSourcesBuildPhase;
			buildActionMask = 2147483647;
			files = (
				7B0EFC8D214BD8DC00654A57 /* CloudKitMethods.swift in Sources */,
				E1C45FDC1E29408100F271B4 /* ViewController.swift in Sources */,
				E1C45FDA1E29408100F271B4 /* AppDelegate.swift in Sources */,
				7BD385C3214D4237008FD003 /* FlipPresentAnimationController.swift in Sources */,
			);
			runOnlyForDeploymentPostprocessing = 0;
		};
		E1CBE6BC1E29985D0013BAFB /* Sources */ = {
			isa = PBXSourcesBuildPhase;
			buildActionMask = 2147483647;
			files = (
			);
			runOnlyForDeploymentPostprocessing = 0;
		};
/* End PBXSourcesBuildPhase section */

/* Begin PBXTargetDependency section */
		7BD385DD214D8E37008FD003 /* PBXTargetDependency */ = {
			isa = PBXTargetDependency;
			target = 7BD385D6214D8E37008FD003 /* PushHuliPizzaSericeExtension */;
			targetProxy = 7BD385DC214D8E37008FD003 /* PBXContainerItemProxy */;
		};
		7BD385F2214D8F73008FD003 /* PBXTargetDependency */ = {
			isa = PBXTargetDependency;
			target = 7BD385E6214D8F72008FD003 /* PushHuliPizzaContentExtensionV2 */;
			targetProxy = 7BD385F1214D8F73008FD003 /* PBXContainerItemProxy */;
		};
/* End PBXTargetDependency section */

/* Begin PBXVariantGroup section */
		E1C45FDD1E29408100F271B4 /* Main.storyboard */ = {
			isa = PBXVariantGroup;
			children = (
				E1C45FDE1E29408100F271B4 /* Base */,
			);
			name = Main.storyboard;
			sourceTree = "<group>";
		};
		E1C45FE21E29408100F271B4 /* LaunchScreen.storyboard */ = {
			isa = PBXVariantGroup;
			children = (
				E1C45FE31E29408100F271B4 /* Base */,
			);
			name = LaunchScreen.storyboard;
			sourceTree = "<group>";
		};
/* End PBXVariantGroup section */

/* Begin XCBuildConfiguration section */
		7BD385E0214D8E37008FD003 /* Debug */ = {
			isa = XCBuildConfiguration;
			buildSettings = {
				CLANG_ANALYZER_NUMBER_OBJECT_CONVERSION = YES_AGGRESSIVE;
				CLANG_CXX_LANGUAGE_STANDARD = "gnu++14";
				CLANG_ENABLE_OBJC_WEAK = YES;
				CLANG_WARN_UNGUARDED_AVAILABILITY = YES_AGGRESSIVE;
				CODE_SIGN_STYLE = Automatic;
				DEVELOPMENT_TEAM = CWGS87U262;
				GCC_C_LANGUAGE_STANDARD = gnu11;
				INFOPLIST_FILE = PushHuliPizzaSericeExtension/Info.plist;
				IPHONEOS_DEPLOYMENT_TARGET = 11.4;
				LD_RUNPATH_SEARCH_PATHS = "$(inherited) @executable_path/Frameworks @executable_path/../../Frameworks";
				PRODUCT_BUNDLE_IDENTIFIER = ch.cqd.PushHuliPizza.PushHuliPizzaSericeExtension;
				PRODUCT_NAME = "$(TARGET_NAME)";
				SKIP_INSTALL = YES;
				SWIFT_VERSION = 4.0;
				TARGETED_DEVICE_FAMILY = "1,2";
			};
			name = Debug;
		};
		7BD385E1214D8E37008FD003 /* Release */ = {
			isa = XCBuildConfiguration;
			buildSettings = {
				CLANG_ANALYZER_NUMBER_OBJECT_CONVERSION = YES_AGGRESSIVE;
				CLANG_CXX_LANGUAGE_STANDARD = "gnu++14";
				CLANG_ENABLE_OBJC_WEAK = YES;
				CLANG_WARN_UNGUARDED_AVAILABILITY = YES_AGGRESSIVE;
				CODE_SIGN_STYLE = Automatic;
				DEVELOPMENT_TEAM = CWGS87U262;
				GCC_C_LANGUAGE_STANDARD = gnu11;
				INFOPLIST_FILE = PushHuliPizzaSericeExtension/Info.plist;
				IPHONEOS_DEPLOYMENT_TARGET = 11.4;
				LD_RUNPATH_SEARCH_PATHS = "$(inherited) @executable_path/Frameworks @executable_path/../../Frameworks";
				PRODUCT_BUNDLE_IDENTIFIER = ch.cqd.PushHuliPizza.PushHuliPizzaSericeExtension;
				PRODUCT_NAME = "$(TARGET_NAME)";
				SKIP_INSTALL = YES;
				SWIFT_VERSION = 4.0;
				TARGETED_DEVICE_FAMILY = "1,2";
			};
			name = Release;
		};
		7BD385F5214D8F73008FD003 /* Debug */ = {
			isa = XCBuildConfiguration;
			buildSettings = {
				CLANG_ANALYZER_NUMBER_OBJECT_CONVERSION = YES_AGGRESSIVE;
				CLANG_CXX_LANGUAGE_STANDARD = "gnu++14";
				CLANG_ENABLE_OBJC_WEAK = YES;
				CLANG_WARN_UNGUARDED_AVAILABILITY = YES_AGGRESSIVE;
				CODE_SIGN_STYLE = Automatic;
				DEVELOPMENT_TEAM = CWGS87U262;
				GCC_C_LANGUAGE_STANDARD = gnu11;
				INFOPLIST_FILE = PushHuliPizzaContentExtensionV2/Info.plist;
				IPHONEOS_DEPLOYMENT_TARGET = 11.4;
				LD_RUNPATH_SEARCH_PATHS = "$(inherited) @executable_path/Frameworks @executable_path/../../Frameworks";
				PRODUCT_BUNDLE_IDENTIFIER = ch.cqd.PushHuliPizza.PushHuliPizzaContentExtensionV2;
				PRODUCT_NAME = "$(TARGET_NAME)";
				SKIP_INSTALL = YES;
				SWIFT_VERSION = 4.0;
				TARGETED_DEVICE_FAMILY = "1,2";
			};
			name = Debug;
		};
		7BD385F6214D8F73008FD003 /* Release */ = {
			isa = XCBuildConfiguration;
			buildSettings = {
				CLANG_ANALYZER_NUMBER_OBJECT_CONVERSION = YES_AGGRESSIVE;
				CLANG_CXX_LANGUAGE_STANDARD = "gnu++14";
				CLANG_ENABLE_OBJC_WEAK = YES;
				CLANG_WARN_UNGUARDED_AVAILABILITY = YES_AGGRESSIVE;
				CODE_SIGN_STYLE = Automatic;
				DEVELOPMENT_TEAM = CWGS87U262;
				GCC_C_LANGUAGE_STANDARD = gnu11;
				INFOPLIST_FILE = PushHuliPizzaContentExtensionV2/Info.plist;
				IPHONEOS_DEPLOYMENT_TARGET = 11.4;
				LD_RUNPATH_SEARCH_PATHS = "$(inherited) @executable_path/Frameworks @executable_path/../../Frameworks";
				PRODUCT_BUNDLE_IDENTIFIER = ch.cqd.PushHuliPizza.PushHuliPizzaContentExtensionV2;
				PRODUCT_NAME = "$(TARGET_NAME)";
				SKIP_INSTALL = YES;
				SWIFT_VERSION = 4.0;
				TARGETED_DEVICE_FAMILY = "1,2";
			};
			name = Release;
		};
		E15E4D5E1E29C9C80048B45E /* Debug */ = {
			isa = XCBuildConfiguration;
			buildSettings = {
				CODE_SIGN_ENTITLEMENTS = PushHuliPizzaContentExtension/PushHuliPizzaContentExtension.entitlements;
				DEVELOPMENT_TEAM = CWGS87U262;
				INFOPLIST_FILE = PushHuliPizzaContentExtension/Info.plist;
				IPHONEOS_DEPLOYMENT_TARGET = 11.0;
				LD_RUNPATH_SEARCH_PATHS = "$(inherited) @executable_path/Frameworks @executable_path/../../Frameworks";
				PRODUCT_BUNDLE_IDENTIFIER = ch.cqd.PushHuliPizza;
				PRODUCT_NAME = "$(TARGET_NAME)";
				SKIP_INSTALL = YES;
				SWIFT_VERSION = 3.0;
			};
			name = Debug;
		};
		E15E4D5F1E29C9C80048B45E /* Release */ = {
			isa = XCBuildConfiguration;
			buildSettings = {
				CODE_SIGN_ENTITLEMENTS = PushHuliPizzaContentExtension/PushHuliPizzaContentExtension.entitlements;
				DEVELOPMENT_TEAM = CWGS87U262;
				INFOPLIST_FILE = PushHuliPizzaContentExtension/Info.plist;
				IPHONEOS_DEPLOYMENT_TARGET = 11.0;
				LD_RUNPATH_SEARCH_PATHS = "$(inherited) @executable_path/Frameworks @executable_path/../../Frameworks";
				PRODUCT_BUNDLE_IDENTIFIER = ch.cqd.PushHuliPizza;
				PRODUCT_NAME = "$(TARGET_NAME)";
				SKIP_INSTALL = YES;
				SWIFT_VERSION = 3.0;
			};
			name = Release;
		};
		E1C45FE61E29408100F271B4 /* Debug */ = {
			isa = XCBuildConfiguration;
			buildSettings = {
				ALWAYS_SEARCH_USER_PATHS = NO;
				CLANG_ANALYZER_NONNULL = YES;
				CLANG_CXX_LANGUAGE_STANDARD = "gnu++0x";
				CLANG_CXX_LIBRARY = "libc++";
				CLANG_ENABLE_MODULES = YES;
				CLANG_ENABLE_OBJC_ARC = YES;
				CLANG_WARN_BLOCK_CAPTURE_AUTORELEASING = YES;
				CLANG_WARN_BOOL_CONVERSION = YES;
				CLANG_WARN_COMMA = YES;
				CLANG_WARN_CONSTANT_CONVERSION = YES;
				CLANG_WARN_DEPRECATED_OBJC_IMPLEMENTATIONS = YES;
				CLANG_WARN_DIRECT_OBJC_ISA_USAGE = YES_ERROR;
				CLANG_WARN_DOCUMENTATION_COMMENTS = YES;
				CLANG_WARN_EMPTY_BODY = YES;
				CLANG_WARN_ENUM_CONVERSION = YES;
				CLANG_WARN_INFINITE_RECURSION = YES;
				CLANG_WARN_INT_CONVERSION = YES;
				CLANG_WARN_NON_LITERAL_NULL_CONVERSION = YES;
				CLANG_WARN_OBJC_IMPLICIT_RETAIN_SELF = YES;
				CLANG_WARN_OBJC_LITERAL_CONVERSION = YES;
				CLANG_WARN_OBJC_ROOT_CLASS = YES_ERROR;
				CLANG_WARN_RANGE_LOOP_ANALYSIS = YES;
				CLANG_WARN_STRICT_PROTOTYPES = YES;
				CLANG_WARN_SUSPICIOUS_MOVE = YES;
				CLANG_WARN_UNREACHABLE_CODE = YES;
				CLANG_WARN__DUPLICATE_METHOD_MATCH = YES;
				CODE_SIGN_IDENTITY = "iPhone Developer";
				"CODE_SIGN_IDENTITY[sdk=iphoneos*]" = "iPhone Developer";
				COPY_PHASE_STRIP = NO;
				DEBUG_INFORMATION_FORMAT = dwarf;
				ENABLE_STRICT_OBJC_MSGSEND = YES;
				ENABLE_TESTABILITY = YES;
				GCC_C_LANGUAGE_STANDARD = gnu99;
				GCC_DYNAMIC_NO_PIC = NO;
				GCC_NO_COMMON_BLOCKS = YES;
				GCC_OPTIMIZATION_LEVEL = 0;
				GCC_PREPROCESSOR_DEFINITIONS = (
					"DEBUG=1",
					"$(inherited)",
				);
				GCC_WARN_64_TO_32_BIT_CONVERSION = YES;
				GCC_WARN_ABOUT_RETURN_TYPE = YES_ERROR;
				GCC_WARN_UNDECLARED_SELECTOR = YES;
				GCC_WARN_UNINITIALIZED_AUTOS = YES_AGGRESSIVE;
				GCC_WARN_UNUSED_FUNCTION = YES;
				GCC_WARN_UNUSED_VARIABLE = YES;
				IPHONEOS_DEPLOYMENT_TARGET = 10.2;
				MTL_ENABLE_DEBUG_INFO = YES;
				ONLY_ACTIVE_ARCH = YES;
				SDKROOT = iphoneos;
				SWIFT_ACTIVE_COMPILATION_CONDITIONS = DEBUG;
				SWIFT_OPTIMIZATION_LEVEL = "-Onone";
				TARGETED_DEVICE_FAMILY = "1,2";
			};
			name = Debug;
		};
		E1C45FE71E29408100F271B4 /* Release */ = {
			isa = XCBuildConfiguration;
			buildSettings = {
				ALWAYS_SEARCH_USER_PATHS = NO;
				CLANG_ANALYZER_NONNULL = YES;
				CLANG_CXX_LANGUAGE_STANDARD = "gnu++0x";
				CLANG_CXX_LIBRARY = "libc++";
				CLANG_ENABLE_MODULES = YES;
				CLANG_ENABLE_OBJC_ARC = YES;
				CLANG_WARN_BLOCK_CAPTURE_AUTORELEASING = YES;
				CLANG_WARN_BOOL_CONVERSION = YES;
				CLANG_WARN_COMMA = YES;
				CLANG_WARN_CONSTANT_CONVERSION = YES;
				CLANG_WARN_DEPRECATED_OBJC_IMPLEMENTATIONS = YES;
				CLANG_WARN_DIRECT_OBJC_ISA_USAGE = YES_ERROR;
				CLANG_WARN_DOCUMENTATION_COMMENTS = YES;
				CLANG_WARN_EMPTY_BODY = YES;
				CLANG_WARN_ENUM_CONVERSION = YES;
				CLANG_WARN_INFINITE_RECURSION = YES;
				CLANG_WARN_INT_CONVERSION = YES;
				CLANG_WARN_NON_LITERAL_NULL_CONVERSION = YES;
				CLANG_WARN_OBJC_IMPLICIT_RETAIN_SELF = YES;
				CLANG_WARN_OBJC_LITERAL_CONVERSION = YES;
				CLANG_WARN_OBJC_ROOT_CLASS = YES_ERROR;
				CLANG_WARN_RANGE_LOOP_ANALYSIS = YES;
				CLANG_WARN_STRICT_PROTOTYPES = YES;
				CLANG_WARN_SUSPICIOUS_MOVE = YES;
				CLANG_WARN_UNREACHABLE_CODE = YES;
				CLANG_WARN__DUPLICATE_METHOD_MATCH = YES;
				CODE_SIGN_IDENTITY = "iPhone Developer";
				"CODE_SIGN_IDENTITY[sdk=iphoneos*]" = "iPhone Developer";
				COPY_PHASE_STRIP = NO;
				DEBUG_INFORMATION_FORMAT = "dwarf-with-dsym";
				ENABLE_NS_ASSERTIONS = NO;
				ENABLE_STRICT_OBJC_MSGSEND = YES;
				GCC_C_LANGUAGE_STANDARD = gnu99;
				GCC_NO_COMMON_BLOCKS = YES;
				GCC_WARN_64_TO_32_BIT_CONVERSION = YES;
				GCC_WARN_ABOUT_RETURN_TYPE = YES_ERROR;
				GCC_WARN_UNDECLARED_SELECTOR = YES;
				GCC_WARN_UNINITIALIZED_AUTOS = YES_AGGRESSIVE;
				GCC_WARN_UNUSED_FUNCTION = YES;
				GCC_WARN_UNUSED_VARIABLE = YES;
				IPHONEOS_DEPLOYMENT_TARGET = 10.2;
				MTL_ENABLE_DEBUG_INFO = NO;
				SDKROOT = iphoneos;
				SWIFT_OPTIMIZATION_LEVEL = "-Owholemodule";
				TARGETED_DEVICE_FAMILY = "1,2";
				VALIDATE_PRODUCT = YES;
			};
			name = Release;
		};
		E1C45FE91E29408100F271B4 /* Debug */ = {
			isa = XCBuildConfiguration;
			buildSettings = {
				ALWAYS_EMBED_SWIFT_STANDARD_LIBRARIES = YES;
				ASSETCATALOG_COMPILER_APPICON_NAME = AppIcon;
				CODE_SIGN_ENTITLEMENTS = PushHuliPizza/PushHuliPizza.entitlements;
				DEVELOPMENT_TEAM = CWGS87U262;
				INFOPLIST_FILE = PushHuliPizza/Info.plist;
				LD_RUNPATH_SEARCH_PATHS = "$(inherited) @executable_path/Frameworks";
				PRODUCT_BUNDLE_IDENTIFIER = ch.cqd.PushHuliPizza;
				PRODUCT_NAME = "$(TARGET_NAME)";
				SWIFT_VERSION = 3.0;
			};
			name = Debug;
		};
		E1C45FEA1E29408100F271B4 /* Release */ = {
			isa = XCBuildConfiguration;
			buildSettings = {
				ALWAYS_EMBED_SWIFT_STANDARD_LIBRARIES = YES;
				ASSETCATALOG_COMPILER_APPICON_NAME = AppIcon;
				CODE_SIGN_ENTITLEMENTS = PushHuliPizza/PushHuliPizza.entitlements;
				DEVELOPMENT_TEAM = CWGS87U262;
				INFOPLIST_FILE = PushHuliPizza/Info.plist;
				LD_RUNPATH_SEARCH_PATHS = "$(inherited) @executable_path/Frameworks";
				PRODUCT_BUNDLE_IDENTIFIER = ch.cqd.PushHuliPizza;
				PRODUCT_NAME = "$(TARGET_NAME)";
				SWIFT_VERSION = 3.0;
			};
			name = Release;
		};
		E1CBE6C81E29985D0013BAFB /* Debug */ = {
			isa = XCBuildConfiguration;
			buildSettings = {
				DEVELOPMENT_TEAM = CWGS87U262;
				INFOPLIST_FILE = PushHuliPizzaServiceExtension/Info.plist;
				LD_RUNPATH_SEARCH_PATHS = "$(inherited) @executable_path/Frameworks @executable_path/../../Frameworks";
				PRODUCT_BUNDLE_IDENTIFIER = ch.cqd.PushHuliPizza.PushHuliPizzaContentExtension;
				PRODUCT_NAME = "$(TARGET_NAME)";
				SKIP_INSTALL = YES;
				SWIFT_VERSION = 3.0;
			};
			name = Debug;
		};
		E1CBE6C91E29985D0013BAFB /* Release */ = {
			isa = XCBuildConfiguration;
			buildSettings = {
				DEVELOPMENT_TEAM = CWGS87U262;
				INFOPLIST_FILE = PushHuliPizzaServiceExtension/Info.plist;
				LD_RUNPATH_SEARCH_PATHS = "$(inherited) @executable_path/Frameworks @executable_path/../../Frameworks";
				PRODUCT_BUNDLE_IDENTIFIER = ch.cqd.PushHuliPizza.PushHuliPizzaContentExtension;
				PRODUCT_NAME = "$(TARGET_NAME)";
				SKIP_INSTALL = YES;
				SWIFT_VERSION = 3.0;
			};
			name = Release;
		};
/* End XCBuildConfiguration section */

/* Begin XCConfigurationList section */
		7BD385DF214D8E37008FD003 /* Build configuration list for PBXNativeTarget "PushHuliPizzaSericeExtension" */ = {
			isa = XCConfigurationList;
			buildConfigurations = (
				7BD385E0214D8E37008FD003 /* Debug */,
				7BD385E1214D8E37008FD003 /* Release */,
			);
			defaultConfigurationIsVisible = 0;
			defaultConfigurationName = Release;
		};
		7BD385F4214D8F73008FD003 /* Build configuration list for PBXNativeTarget "PushHuliPizzaContentExtensionV2" */ = {
			isa = XCConfigurationList;
			buildConfigurations = (
				7BD385F5214D8F73008FD003 /* Debug */,
				7BD385F6214D8F73008FD003 /* Release */,
			);
			defaultConfigurationIsVisible = 0;
			defaultConfigurationName = Release;
		};
		E15E4D601E29C9C80048B45E /* Build configuration list for PBXNativeTarget "PushHuliPizzaContentExtension" */ = {
			isa = XCConfigurationList;
			buildConfigurations = (
				E15E4D5E1E29C9C80048B45E /* Debug */,
				E15E4D5F1E29C9C80048B45E /* Release */,
			);
			defaultConfigurationIsVisible = 0;
			defaultConfigurationName = Release;
		};
		E1C45FD11E29408100F271B4 /* Build configuration list for PBXProject "PushHuliPizza" */ = {
			isa = XCConfigurationList;
			buildConfigurations = (
				E1C45FE61E29408100F271B4 /* Debug */,
				E1C45FE71E29408100F271B4 /* Release */,
			);
			defaultConfigurationIsVisible = 0;
			defaultConfigurationName = Release;
		};
		E1C45FE81E29408100F271B4 /* Build configuration list for PBXNativeTarget "PushHuliPizza" */ = {
			isa = XCConfigurationList;
			buildConfigurations = (
				E1C45FE91E29408100F271B4 /* Debug */,
				E1C45FEA1E29408100F271B4 /* Release */,
			);
			defaultConfigurationIsVisible = 0;
			defaultConfigurationName = Release;
		};
		E1CBE6CA1E29985D0013BAFB /* Build configuration list for PBXNativeTarget "PushHuliPizzaServiceExtension" */ = {
			isa = XCConfigurationList;
			buildConfigurations = (
				E1CBE6C81E29985D0013BAFB /* Debug */,
				E1CBE6C91E29985D0013BAFB /* Release */,
			);
			defaultConfigurationIsVisible = 0;
			defaultConfigurationName = Release;
		};
/* End XCConfigurationList section */
	};
	rootObject = E1C45FCE1E29408100F271B4 /* Project object */;
}
